
Microsoft Visual Studio Solution File, Format Version 12.00
# Visual Studio Version 17
VisualStudioVersion = 17.3.32825.248
MinimumVisualStudioVersion = 10.0.40219.1
Project("{9A19103F-16F7-4668-BE54-9A1E7A4F7556}") = "EX1", "Assignment2\EX1.csproj", "{D2FF0EB1-2458-4EE3-BA03-9D2525D41FB8}"
EndProject
Project("{9A19103F-16F7-4668-BE54-9A1E7A4F7556}") = "EX2", "EX2\EX2.csproj", "{35C19A45-36FF-4931-9E48-6AECFD25FA36}"
EndProject
Project("{9A19103F-16F7-4668-BE54-9A1E7A4F7556}") = "EX3", "EX3\EX3.csproj", "{E24FEAC3-25E7-4FDC-AD55-1C3558300E7D}"
EndProject
Project("{FAE04EC0-301F-11D3-BF4B-00C04F79EFBC}") = "EX5", "EX4\EX5.csproj", "{F23279EC-0419-4062-8AF9-DB5083322C24}"
EndProject
Project("{FAE04EC0-301F-11D3-BF4B-00C04F79EFBC}") = "EX_4", "EX_4\EX_4.csproj", "{7BBA452B-8C71-4063-8652-70763B4C7634}"
EndProject
Global
	GlobalSection(SolutionConfigurationPlatforms) = preSolution
		Debug|Any CPU = Debug|Any CPU
		Release|Any CPU = Release|Any CPU
	EndGlobalSection
	GlobalSection(ProjectConfigurationPlatforms) = postSolution
		{D2FF0EB1-2458-4EE3-BA03-9D2525D41FB8}.Debug|Any CPU.ActiveCfg = Debug|Any CPU
		{D2FF0EB1-2458-4EE3-BA03-9D2525D41FB8}.Debug|Any CPU.Build.0 = Debug|Any CPU
		{D2FF0EB1-2458-4EE3-BA03-9D2525D41FB8}.Release|Any CPU.ActiveCfg = Release|Any CPU
		{D2FF0EB1-2458-4EE3-BA03-9D2525D41FB8}.Release|Any CPU.Build.0 = Release|Any CPU
		{35C19A45-36FF-4931-9E48-6AECFD25FA36}.Debug|Any CPU.ActiveCfg = Debug|Any CPU
		{35C19A45-36FF-4931-9E48-6AECFD25FA36}.Debug|Any CPU.Build.0 = Debug|Any CPU
		{35C19A45-36FF-4931-9E48-6AECFD25FA36}.Release|Any CPU.ActiveCfg = Release|Any CPU
		{35C19A45-36FF-4931-9E48-6AECFD25FA36}.Release|Any CPU.Build.0 = Release|Any CPU
		{E24FEAC3-25E7-4FDC-AD55-1C3558300E7D}.Debug|Any CPU.ActiveCfg = Debug|Any CPU
		{E24FEAC3-25E7-4FDC-AD55-1C3558300E7D}.Debug|Any CPU.Build.0 = Debug|Any CPU
		{E24FEAC3-25E7-4FDC-AD55-1C3558300E7D}.Release|Any CPU.ActiveCfg = Release|Any CPU
		{E24FEAC3-25E7-4FDC-AD55-1C3558300E7D}.Release|Any CPU.Build.0 = Release|Any CPU
		{F23279EC-0419-4062-8AF9-DB5083322C24}.Debug|Any CPU.ActiveCfg = Debug|Any CPU
		{F23279EC-0419-4062-8AF9-DB5083322C24}.Debug|Any CPU.Build.0 = Debug|Any CPU
		{F23279EC-0419-4062-8AF9-DB5083322C24}.Release|Any CPU.ActiveCfg = Release|Any CPU
		{F23279EC-0419-4062-8AF9-DB5083322C24}.Release|Any CPU.Build.0 = Release|Any CPU
		{7BBA452B-8C71-4063-8652-70763B4C7634}.Debug|Any CPU.ActiveCfg = Debug|Any CPU
		{7BBA452B-8C71-4063-8652-70763B4C7634}.Debug|Any CPU.Build.0 = Debug|Any CPU
		{7BBA452B-8C71-4063-8652-70763B4C7634}.Release|Any CPU.ActiveCfg = Release|Any CPU
		{7BBA452B-8C71-4063-8652-70763B4C7634}.Release|Any CPU.Build.0 = Release|Any CPU
	EndGlobalSection
	GlobalSection(SolutionProperties) = preSolution
		HideSolutionNode = FALSE
	EndGlobalSection
	GlobalSection(ExtensibilityGlobals) = postSolution
		SolutionGuid = {27F89FF8-A74F-464B-8AF3-B9938F36DC52}
	EndGlobalSection
EndGlobal
