
Microsoft Visual Studio Solution File, Format Version 12.00
# Visual Studio Version 17
VisualStudioVersion = 17.3.32825.248
MinimumVisualStudioVersion = 10.0.40219.1
Project("{9A19103F-16F7-4668-BE54-9A1E7A4F7556}") = "EX1", "Assignment2\EX1.csproj", "{D2FF0EB1-2458-4EE3-BA03-9D2525D41FB8}"
EndProject
Project("{FAE04EC0-301F-11D3-BF4B-00C04F79EFBC}") = "EX2", "EX2\EX2.csproj", "{35C19A45-36FF-4931-9E48-6AECFD25FA36}"
EndProject
Global
	GlobalSection(SolutionConfigurationPlatforms) = preSolution
		Debug|Any CPU = Debug|Any CPU
		Release|Any CPU = Release|Any CPU
	EndGlobalSection
	GlobalSection(ProjectConfigurationPlatforms) = postSolution
		{D2FF0EB1-2458-4EE3-BA03-9D2525D41FB8}.Debug|Any CPU.ActiveCfg = Debug|Any CPU
		{D2FF0EB1-2458-4EE3-BA03-9D2525D41FB8}.Debug|Any CPU.Build.0 = Debug|Any CPU
		{D2FF0EB1-2458-4EE3-BA03-9D2525D41FB8}.Release|Any CPU.ActiveCfg = Release|Any CPU
		{D2FF0EB1-2458-4EE3-BA03-9D2525D41FB8}.Release|Any CPU.Build.0 = Release|Any CPU
		{35C19A45-36FF-4931-9E48-6AECFD25FA36}.Debug|Any CPU.ActiveCfg = Debug|Any CPU
		{35C19A45-36FF-4931-9E48-6AECFD25FA36}.Debug|Any CPU.Build.0 = Debug|Any CPU
		{35C19A45-36FF-4931-9E48-6AECFD25FA36}.Release|Any CPU.ActiveCfg = Release|Any CPU
		{35C19A45-36FF-4931-9E48-6AECFD25FA36}.Release|Any CPU.Build.0 = Release|Any CPU
	EndGlobalSection
	GlobalSection(SolutionProperties) = preSolution
		HideSolutionNode = FALSE
	EndGlobalSection
	GlobalSection(ExtensibilityGlobals) = postSolution
		SolutionGuid = {27F89FF8-A74F-464B-8AF3-B9938F36DC52}
	EndGlobalSection
EndGlobal
